// Bun lockfile — text JSONC format (Bun 1.2+).
// Generated by Bun v1.2.x.  Edit with care.
//
// SOURCE-TYPE NOTE: is-odd is declared as a tarball URL in package.json:
//   "is-odd": "https://registry.npmjs.org/is-odd/-/is-odd-3.0.1.tgz"
//
// Even though the URL points to registry.npmjs.org, the *manifest form*
// is a URL dep — not a semver registry reference.  Mend must report
// source: "url" for this dep, NOT source: "registry".
//
// In the bun.lock packages section, Bun records URL deps using the
// resolved tarball URL as the canonical identifier (no version-range
// string).  The tuple key is the bare package name; the tuple value
// contains the resolved URL in place of a version string.
{
  "lockfileVersion": 1,

  // workspaces: root-only project (no monorepo members).
  "workspaces": {
    "": {
      "name": "bun-tarball-url-probe",
      "dependencies": {
        // Tarball URL dep — source type must be "url", not "registry".
        "is-odd": "https://registry.npmjs.org/is-odd/-/is-odd-3.0.1.tgz",
      },
    },
  },

  // packages: resolved entries.
  // is-odd is a URL dep; Bun records the tarball URL in the resolved field.
  // is-number is a transitive registry dep pulled in by is-odd.
  "packages": {

    // Direct dep — declared as a .tgz tarball URL.
    // Resolved version: 3.0.1 (inferred from tarball content).
    // Bun encodes URL deps with the original URL as the resolution spec.
    // source_detail.url must carry the full tarball URL in expected-tree.json.
    "is-odd": ["is-odd@3.0.1", {
      // Bun records the URL resolution source for tarball deps.
      "resolution": "https://registry.npmjs.org/is-odd/-/is-odd-3.0.1.tgz",
      "dependencies": {
        "is-number": "^6.0.0",
      },
    }, "sha512-CQpnWPrDwmP1+SMHXZhtLtJv90yiyVfluGsX5iNCVkrhQtU3TQHsUWPG9wkdk9Lgd5yNpAg9jQEo90CBaXgWMA=="],

    // Transitive dep — registry-sourced, pulled in by is-odd.
    // This dep is declared normally (semver range ^6.0.0) and resolves
    // to 6.0.0 from the npm registry.  source: "registry" is correct here.
    "is-number": ["is-number@6.0.0", {}, "sha512-Wu1VHeILBK8KAWJUAiSZQX94GmOE45Rg6/538fKwiloUu21KncEkYGPqob2oSZ5mUT73vLGrHQjKw3KMPwfDzg=="],

  },
}
